
Microsoft Visual Studio Solution File, Format Version 12.00
# Visual Studio 14
VisualStudioVersion = 14.0.24720.0
MinimumVisualStudioVersion = 10.0.40219.1
Project("{FAE04EC0-301F-11D3-BF4B-00C04F79EFBC}") = "Producer", "Producer\Producer.csproj", "{86D3FDA9-FC32-4924-8213-2B495782511E}"
EndProject
Project("{FAE04EC0-301F-11D3-BF4B-00C04F79EFBC}") = "OrleansServer", "OrleansServer\OrleansServer.csproj", "{D41ABFB6-A4E6-43A9-AF67-799E85D1F82F}"
EndProject
Project("{FAE04EC0-301F-11D3-BF4B-00C04F79EFBC}") = "Client", "Client\Client.csproj", "{42853F0A-E53A-4537-8F50-4BE5FD1A8C93}"
EndProject
Project("{FAE04EC0-301F-11D3-BF4B-00C04F79EFBC}") = "DictStreamProvider", "DictionaryStreamProvider\DictStreamProvider.csproj", "{032B1FDF-A8E7-4111-87E1-38785B8841B5}"
EndProject
Project("{FAE04EC0-301F-11D3-BF4B-00C04F79EFBC}") = "DataTypes", "DataTypes\DataTypes.csproj", "{20868853-C7DD-42F5-9F63-0224C0168B62}"
EndProject
Global
	GlobalSection(SolutionConfigurationPlatforms) = preSolution
		Debug|Any CPU = Debug|Any CPU
		Release|Any CPU = Release|Any CPU
	EndGlobalSection
	GlobalSection(ProjectConfigurationPlatforms) = postSolution
		{86D3FDA9-FC32-4924-8213-2B495782511E}.Debug|Any CPU.ActiveCfg = Debug|Any CPU
		{86D3FDA9-FC32-4924-8213-2B495782511E}.Debug|Any CPU.Build.0 = Debug|Any CPU
		{86D3FDA9-FC32-4924-8213-2B495782511E}.Release|Any CPU.ActiveCfg = Release|Any CPU
		{86D3FDA9-FC32-4924-8213-2B495782511E}.Release|Any CPU.Build.0 = Release|Any CPU
		{D41ABFB6-A4E6-43A9-AF67-799E85D1F82F}.Debug|Any CPU.ActiveCfg = Debug|Any CPU
		{D41ABFB6-A4E6-43A9-AF67-799E85D1F82F}.Debug|Any CPU.Build.0 = Debug|Any CPU
		{D41ABFB6-A4E6-43A9-AF67-799E85D1F82F}.Release|Any CPU.ActiveCfg = Release|Any CPU
		{D41ABFB6-A4E6-43A9-AF67-799E85D1F82F}.Release|Any CPU.Build.0 = Release|Any CPU
		{42853F0A-E53A-4537-8F50-4BE5FD1A8C93}.Debug|Any CPU.ActiveCfg = Debug|Any CPU
		{42853F0A-E53A-4537-8F50-4BE5FD1A8C93}.Debug|Any CPU.Build.0 = Debug|Any CPU
		{42853F0A-E53A-4537-8F50-4BE5FD1A8C93}.Release|Any CPU.ActiveCfg = Release|Any CPU
		{42853F0A-E53A-4537-8F50-4BE5FD1A8C93}.Release|Any CPU.Build.0 = Release|Any CPU
		{032B1FDF-A8E7-4111-87E1-38785B8841B5}.Debug|Any CPU.ActiveCfg = Debug|Any CPU
		{032B1FDF-A8E7-4111-87E1-38785B8841B5}.Debug|Any CPU.Build.0 = Debug|Any CPU
		{032B1FDF-A8E7-4111-87E1-38785B8841B5}.Release|Any CPU.ActiveCfg = Release|Any CPU
		{032B1FDF-A8E7-4111-87E1-38785B8841B5}.Release|Any CPU.Build.0 = Release|Any CPU
		{20868853-C7DD-42F5-9F63-0224C0168B62}.Debug|Any CPU.ActiveCfg = Debug|Any CPU
		{20868853-C7DD-42F5-9F63-0224C0168B62}.Debug|Any CPU.Build.0 = Debug|Any CPU
		{20868853-C7DD-42F5-9F63-0224C0168B62}.Release|Any CPU.ActiveCfg = Release|Any CPU
		{20868853-C7DD-42F5-9F63-0224C0168B62}.Release|Any CPU.Build.0 = Release|Any CPU
	EndGlobalSection
	GlobalSection(SolutionProperties) = preSolution
		HideSolutionNode = FALSE
	EndGlobalSection
EndGlobal
